<?xml version="1.0" encoding="utf-8"?>
<Project ToolsVersion="4.0" xmlns="http://schemas.microsoft.com/developer/msbuild/2003">
  <ItemGroup>
    <Filter Include="Source Files">
      <UniqueIdentifier>{4FC737F1-C7A5-4376-A066-2A32D752A2FF}</UniqueIdentifier>
      <Extensions>cpp;c;cc;cxx;def;odl;idl;hpj;bat;asm;asmx</Extensions>
    </Filter>
    <Filter Include="Header Files">
      <UniqueIdentifier>{93995380-89BD-4b04-88EB-625FBE52EBFB}</UniqueIdentifier>
      <Extensions>h;hh;hpp;hxx;hm;inl;inc;xsd</Extensions>
    </Filter>
    <Filter Include="Resource Files">
      <UniqueIdentifier>{67DA6AB6-F800-4c08-8B7A-83BB121AAD01}</UniqueIdentifier>
      <Extensions>rc;ico;cur;bmp;dlg;rc2;rct;bin;rgs;gif;jpg;jpeg;jpe;resx;tiff;tif;png;wav</Extensions>
    </Filter>
  </ItemGroup>
  <ItemGroup>
    <ClCompile Include="main.cpp">
      <Filter>Source Files</Filter>
    </ClCompile>
    <ClCompile Include="engine\utility.cpp">
      <Filter>Source Files</Filter>
    </ClCompile>
    <ClCompile Include="engine\core\input.cpp">
      <Filter>Source Files</Filter>
    </ClCompile>
    <ClCompile Include="engine\core\timer.cpp">
      <Filter>Source Files</Filter>
    </ClCompile>
    <ClCompile Include="engine\graphics\camera.cpp">
      <Filter>Source Files</Filter>
    </ClCompile>
    <ClCompile Include="engine\graphics\model.cpp">
      <Filter>Source Files</Filter>
    </ClCompile>
    <ClCompile Include="engine\graphics\texture.cpp">
      <Filter>Source Files</Filter>
    </ClCompile>
    <ClCompile Include="engine\libraries\dearimgui\imgui.cpp">
      <Filter>Source Files</Filter>
    </ClCompile>
    <ClCompile Include="engine\libraries\dearimgui\imgui_demo.cpp">
      <Filter>Source Files</Filter>
    </ClCompile>
    <ClCompile Include="engine\libraries\dearimgui\imgui_draw.cpp">
      <Filter>Source Files</Filter>
    </ClCompile>
    <ClCompile Include="engine\libraries\dearimgui\imgui_impl_dx11.cpp">
      <Filter>Source Files</Filter>
    </ClCompile>
    <ClCompile Include="engine\libraries\dearimgui\imgui_impl_win32.cpp">
      <Filter>Source Files</Filter>
    </ClCompile>
    <ClCompile Include="engine\libraries\dearimgui\imgui_widgets.cpp">
      <Filter>Source Files</Filter>
    </ClCompile>
    <ClCompile Include="engine\scene\gameobject.cpp">
      <Filter>Source Files</Filter>
    </ClCompile>
    <ClCompile Include="engine\scene\system.cpp">
      <Filter>Source Files</Filter>
    </ClCompile>
    <ClCompile Include="game\ball.cpp">
      <Filter>Source Files</Filter>
    </ClCompile>
    <ClCompile Include="game\debug-overlay.cpp">
      <Filter>Source Files</Filter>
    </ClCompile>
    <ClCompile Include="game\game.cpp">
      <Filter>Source Files</Filter>
    </ClCompile>
    <ClCompile Include="game\paddle.cpp">
      <Filter>Source Files</Filter>
    </ClCompile>
    <ClCompile Include="game\scene.cpp">
      <Filter>Source Files</Filter>
    </ClCompile>
    <ClCompile Include="Engine\Core\Window\Win32Window.cpp">
      <Filter>Source Files</Filter>
    </ClCompile>
    <ClCompile Include="Engine\Core\Window\Window.cpp">
      <Filter>Source Files</Filter>
    </ClCompile>
    <ClCompile Include="Engine\Graphics\Drivers\Renderer.cpp">
      <Filter>Source Files</Filter>
    </ClCompile>
    <ClCompile Include="Engine\Graphics\Drivers\Direct3D11Renderer.cpp">
      <Filter>Source Files</Filter>
    </ClCompile>
    <ClCompile Include="Engine\Graphics\Materials\Direct3D11Shader.cpp">
      <Filter>Source Files</Filter>
    </ClCompile>
    <ClCompile Include="engine\graphics\materials\Direct3D11TextureShader.cpp">
      <Filter>Source Files</Filter>
    </ClCompile>
    <ClCompile Include="Engine\Physics\Physics.cpp">
      <Filter>Source Files</Filter>
    </ClCompile>
  </ItemGroup>
  <ItemGroup>
    <ClInclude Include="engine\utility.h">
      <Filter>Header Files</Filter>
    </ClInclude>
    <ClInclude Include="engine\core\input-mapper.h">
      <Filter>Header Files</Filter>
    </ClInclude>
    <ClInclude Include="engine\core\input.h">
      <Filter>Header Files</Filter>
    </ClInclude>
    <ClInclude Include="engine\core\timer.h">
      <Filter>Header Files</Filter>
    </ClInclude>
    <ClInclude Include="engine\graphics\camera.h">
      <Filter>Header Files</Filter>
    </ClInclude>
    <ClInclude Include="engine\graphics\model.h">
      <Filter>Header Files</Filter>
    </ClInclude>
    <ClInclude Include="engine\graphics\texture.h">
      <Filter>Header Files</Filter>
    </ClInclude>
    <ClInclude Include="engine\graphics\materials\color-shader.h">
      <Filter>Header Files</Filter>
    </ClInclude>
    <ClInclude Include="engine\graphics\materials\shader.h">
      <Filter>Header Files</Filter>
    </ClInclude>
    <ClInclude Include="engine\libraries\dearimgui\imconfig.h">
      <Filter>Header Files</Filter>
    </ClInclude>
    <ClInclude Include="engine\libraries\dearimgui\imgui.h">
      <Filter>Header Files</Filter>
    </ClInclude>
    <ClInclude Include="engine\libraries\dearimgui\imgui_impl_dx11.h">
      <Filter>Header Files</Filter>
    </ClInclude>
    <ClInclude Include="engine\libraries\dearimgui\imgui_impl_win32.h">
      <Filter>Header Files</Filter>
    </ClInclude>
    <ClInclude Include="engine\libraries\dearimgui\imgui_internal.h">
      <Filter>Header Files</Filter>
    </ClInclude>
    <ClInclude Include="engine\libraries\dearimgui\imstb_rectpack.h">
      <Filter>Header Files</Filter>
    </ClInclude>
    <ClInclude Include="engine\libraries\dearimgui\imstb_textedit.h">
      <Filter>Header Files</Filter>
    </ClInclude>
    <ClInclude Include="engine\libraries\dearimgui\imstb_truetype.h">
      <Filter>Header Files</Filter>
    </ClInclude>
    <ClInclude Include="engine\libraries\directxtk\include\Audio.h">
      <Filter>Header Files</Filter>
    </ClInclude>
    <ClInclude Include="engine\libraries\directxtk\include\CommonStates.h">
      <Filter>Header Files</Filter>
    </ClInclude>
    <ClInclude Include="engine\libraries\directxtk\include\DDSTextureLoader.h">
      <Filter>Header Files</Filter>
    </ClInclude>
    <ClInclude Include="engine\libraries\directxtk\include\DirectXHelpers.h">
      <Filter>Header Files</Filter>
    </ClInclude>
    <ClInclude Include="engine\libraries\directxtk\include\Effects.h">
      <Filter>Header Files</Filter>
    </ClInclude>
    <ClInclude Include="engine\libraries\directxtk\include\GamePad.h">
      <Filter>Header Files</Filter>
    </ClInclude>
    <ClInclude Include="engine\libraries\directxtk\include\GeometricPrimitive.h">
      <Filter>Header Files</Filter>
    </ClInclude>
    <ClInclude Include="engine\libraries\directxtk\include\GraphicsMemory.h">
      <Filter>Header Files</Filter>
    </ClInclude>
    <ClInclude Include="engine\libraries\directxtk\include\Keyboard.h">
      <Filter>Header Files</Filter>
    </ClInclude>
    <ClInclude Include="engine\libraries\directxtk\include\Model.h">
      <Filter>Header Files</Filter>
    </ClInclude>
    <ClInclude Include="engine\libraries\directxtk\include\Mouse.h">
      <Filter>Header Files</Filter>
    </ClInclude>
    <ClInclude Include="engine\libraries\directxtk\include\PostProcess.h">
      <Filter>Header Files</Filter>
    </ClInclude>
    <ClInclude Include="engine\libraries\directxtk\include\PrimitiveBatch.h">
      <Filter>Header Files</Filter>
    </ClInclude>
    <ClInclude Include="engine\libraries\directxtk\include\ScreenGrab.h">
      <Filter>Header Files</Filter>
    </ClInclude>
    <ClInclude Include="engine\libraries\directxtk\include\SimpleMath.h">
      <Filter>Header Files</Filter>
    </ClInclude>
    <ClInclude Include="engine\libraries\directxtk\include\SpriteBatch.h">
      <Filter>Header Files</Filter>
    </ClInclude>
    <ClInclude Include="engine\libraries\directxtk\include\SpriteFont.h">
      <Filter>Header Files</Filter>
    </ClInclude>
    <ClInclude Include="engine\libraries\directxtk\include\VertexTypes.h">
      <Filter>Header Files</Filter>
    </ClInclude>
    <ClInclude Include="engine\libraries\directxtk\include\WICTextureLoader.h">
      <Filter>Header Files</Filter>
    </ClInclude>
    <ClInclude Include="engine\libraries\directxtk\include\XboxDDSTextureLoader.h">
      <Filter>Header Files</Filter>
    </ClInclude>
    <ClInclude Include="engine\libraries\nonstd\optional.hpp">
      <Filter>Header Files</Filter>
    </ClInclude>
    <ClInclude Include="engine\scene\gameobject.h">
      <Filter>Header Files</Filter>
    </ClInclude>
    <ClInclude Include="engine\scene\system.h">
      <Filter>Header Files</Filter>
    </ClInclude>
    <ClInclude Include="game\ball.h">
      <Filter>Header Files</Filter>
    </ClInclude>
    <ClInclude Include="game\debug-overlay.h">
      <Filter>Header Files</Filter>
    </ClInclude>
    <ClInclude Include="game\game.h">
      <Filter>Header Files</Filter>
    </ClInclude>
    <ClInclude Include="game\paddle.h">
      <Filter>Header Files</Filter>
    </ClInclude>
    <ClInclude Include="game\pong-event.h">
      <Filter>Header Files</Filter>
    </ClInclude>
    <ClInclude Include="game\scene.h">
      <Filter>Header Files</Filter>
    </ClInclude>
    <ClInclude Include="Engine\Core\Window\Win32Window.h">
      <Filter>Header Files</Filter>
    </ClInclude>
    <ClInclude Include="Engine\Core\Window\Window.h">
      <Filter>Header Files</Filter>
    </ClInclude>
    <ClInclude Include="Engine\Graphics\Drivers\Renderer.h">
      <Filter>Header Files</Filter>
    </ClInclude>
    <ClInclude Include="Engine\Graphics\Drivers\Direct3D11Renderer.h">
      <Filter>Header Files</Filter>
    </ClInclude>
    <ClInclude Include="Engine\Graphics\Materials\Direct3D11Shader.h">
      <Filter>Header Files</Filter>
    </ClInclude>
    <ClInclude Include="engine\graphics\materials\Direct3D11TextureShader.h">
      <Filter>Header Files</Filter>
    </ClInclude>
    <ClInclude Include="Engine\Physics\Physics.h">
      <Filter>Header Files</Filter>
    </ClInclude>
  </ItemGroup>
  <ItemGroup>
    <None Include="engine\libraries\directxtk\include\SimpleMath.inl">
      <Filter>Header Files</Filter>
    </None>
  </ItemGroup>
  <ItemGroup>
    <CopyFileToFolders Include="Assets\Textures\Wood.gif">
      <Filter>Resource Files</Filter>
    </CopyFileToFolders>
    <CopyFileToFolders Include="Engine\Graphics\Materials\texture-ps.hlsl">
      <Filter>Resource Files</Filter>
    </CopyFileToFolders>
    <CopyFileToFolders Include="Engine\Graphics\Materials\texture-vs.hlsl">
      <Filter>Resource Files</Filter>
    </CopyFileToFolders>
  </ItemGroup>
</Project>